
Microsoft Visual Studio Solution File, Format Version 12.00
# Visual Studio Version 17
VisualStudioVersion = 17.9.34723.18
MinimumVisualStudioVersion = 10.0.40219.1
Project("{9A19103F-16F7-4668-BE54-9A1E7A4F7556}") = "SAPPortal", "SAPPortal.csproj", "{BEE0330D-44D7-4CF4-A174-AF40300DB471}"
EndProject
Global
	GlobalSection(SolutionConfigurationPlatforms) = preSolution
		Debug|Any CPU = Debug|Any CPU
		Release|Any CPU = Release|Any CPU
	EndGlobalSection
	GlobalSection(ProjectConfigurationPlatforms) = postSolution
		{BEE0330D-44D7-4CF4-A174-AF40300DB471}.Debug|Any CPU.ActiveCfg = Debug|Any CPU
		{BEE0330D-44D7-4CF4-A174-AF40300DB471}.Debug|Any CPU.Build.0 = Debug|Any CPU
		{BEE0330D-44D7-4CF4-A174-AF40300DB471}.Release|Any CPU.ActiveCfg = Release|Any CPU
		{BEE0330D-44D7-4CF4-A174-AF40300DB471}.Release|Any CPU.Build.0 = Release|Any CPU
	EndGlobalSection
	GlobalSection(SolutionProperties) = preSolution
		HideSolutionNode = FALSE
	EndGlobalSection
	GlobalSection(ExtensibilityGlobals) = postSolution
		SolutionGuid = {04EE7CE3-1FCB-4298-91DD-030CC244FEA5}
	EndGlobalSection
EndGlobal
